// !$*UTF8*$!
{
	archiveVersion = 1;
	classes = {
	};
	objectVersion = 46;
	objects = {

/* Begin PBXBuildFile section */
		496284AA1A9C5DE600FCBCDD /* RecipeModel.h in Headers */ = {isa = PBXBuildFile; fileRef = 496284A91A9C5DE600FCBCDD /* RecipeModel.h */; settings = {ATTRIBUTES = (Public, ); }; };
		496284B01A9C5DE700FCBCDD /* RecipeModel.framework in Frameworks */ = {isa = PBXBuildFile; fileRef = 496284A51A9C5DE600FCBCDD /* RecipeModel.framework */; };
		496284B91A9C5DE700FCBCDD /* RecipeModelTests.swift in Sources */ = {isa = PBXBuildFile; fileRef = 496284B81A9C5DE700FCBCDD /* RecipeModelTests.swift */; };
		496284BC1A9C5DE700FCBCDD /* RecipeModel.framework in Frameworks */ = {isa = PBXBuildFile; fileRef = 496284A51A9C5DE600FCBCDD /* RecipeModel.framework */; };
		496284BD1A9C5DE700FCBCDD /* RecipeModel.framework in Embed Frameworks */ = {isa = PBXBuildFile; fileRef = 496284A51A9C5DE600FCBCDD /* RecipeModel.framework */; settings = {ATTRIBUTES = (CodeSignOnCopy, RemoveHeadersOnCopy, ); }; };
		4972BE751A9BE92C007B013D /* MenuInterfaceController.swift in Sources */ = {isa = PBXBuildFile; fileRef = 4972BE741A9BE92C007B013D /* MenuInterfaceController.swift */; };
		4972BE771A9BE92C007B013D /* NotificationController.swift in Sources */ = {isa = PBXBuildFile; fileRef = 4972BE761A9BE92C007B013D /* NotificationController.swift */; };
		4972BE791A9BE92C007B013D /* GlanceController.swift in Sources */ = {isa = PBXBuildFile; fileRef = 4972BE781A9BE92C007B013D /* GlanceController.swift */; };
		4972BE7B1A9BE92C007B013D /* Images.xcassets in Resources */ = {isa = PBXBuildFile; fileRef = 4972BE7A1A9BE92C007B013D /* Images.xcassets */; };
		4972BE7F1A9BE92C007B013D /* Impressive WatchKit App.app in Resources */ = {isa = PBXBuildFile; fileRef = 4972BE7E1A9BE92C007B013D /* Impressive WatchKit App.app */; };
		4972BE871A9BE92C007B013D /* Interface.storyboard in Resources */ = {isa = PBXBuildFile; fileRef = 4972BE851A9BE92C007B013D /* Interface.storyboard */; };
		4972BE891A9BE92C007B013D /* Images.xcassets in Resources */ = {isa = PBXBuildFile; fileRef = 4972BE881A9BE92C007B013D /* Images.xcassets */; };
		4972BE8C1A9BE92C007B013D /* Impressive WatchKit Extension.appex in Embed App Extensions */ = {isa = PBXBuildFile; fileRef = 4972BE6F1A9BE92C007B013D /* Impressive WatchKit Extension.appex */; settings = {ATTRIBUTES = (RemoveHeadersOnCopy, ); }; };
		4972BE951A9BF165007B013D /* Recipe.swift in Sources */ = {isa = PBXBuildFile; fileRef = 4972BE941A9BF165007B013D /* Recipe.swift */; };
		4972BE971A9BF367007B013D /* Step.swift in Sources */ = {isa = PBXBuildFile; fileRef = 4972BE961A9BF367007B013D /* Step.swift */; };
		4972BE991A9BF885007B013D /* SampleData.swift in Sources */ = {isa = PBXBuildFile; fileRef = 4972BE981A9BF885007B013D /* SampleData.swift */; };
		4972BE9B1A9C09D9007B013D /* MenuTableRowController.swift in Sources */ = {isa = PBXBuildFile; fileRef = 4972BE9A1A9C09D9007B013D /* MenuTableRowController.swift */; };
		4986467B1A9C287C00E8D7B8 /* StepsInterfaceController.swift in Sources */ = {isa = PBXBuildFile; fileRef = 4986467A1A9C287C00E8D7B8 /* StepsInterfaceController.swift */; };
		4995D3961A94084400FA30A3 /* AppDelegate.swift in Sources */ = {isa = PBXBuildFile; fileRef = 4995D3951A94084400FA30A3 /* AppDelegate.swift */; };
		4995D3981A94084400FA30A3 /* ViewController.swift in Sources */ = {isa = PBXBuildFile; fileRef = 4995D3971A94084400FA30A3 /* ViewController.swift */; };
		4995D39B1A94084400FA30A3 /* Main.storyboard in Resources */ = {isa = PBXBuildFile; fileRef = 4995D3991A94084400FA30A3 /* Main.storyboard */; };
		4995D39D1A94084400FA30A3 /* Images.xcassets in Resources */ = {isa = PBXBuildFile; fileRef = 4995D39C1A94084400FA30A3 /* Images.xcassets */; };
		4995D3A01A94084400FA30A3 /* LaunchScreen.xib in Resources */ = {isa = PBXBuildFile; fileRef = 4995D39E1A94084400FA30A3 /* LaunchScreen.xib */; };
		4995D3AC1A94084400FA30A3 /* ImpressiveTests.swift in Sources */ = {isa = PBXBuildFile; fileRef = 4995D3AB1A94084400FA30A3 /* ImpressiveTests.swift */; };
/* End PBXBuildFile section */

/* Begin PBXContainerItemProxy section */
		496284B11A9C5DE700FCBCDD /* PBXContainerItemProxy */ = {
			isa = PBXContainerItemProxy;
			containerPortal = 4995D3881A94084300FA30A3 /* Project object */;
			proxyType = 1;
			remoteGlobalIDString = 496284A41A9C5DE600FCBCDD;
			remoteInfo = RecipeModel;
		};
		496284B31A9C5DE700FCBCDD /* PBXContainerItemProxy */ = {
			isa = PBXContainerItemProxy;
			containerPortal = 4995D3881A94084300FA30A3 /* Project object */;
			proxyType = 1;
			remoteGlobalIDString = 4995D38F1A94084300FA30A3;
			remoteInfo = Impressive;
		};
		496284BA1A9C5DE700FCBCDD /* PBXContainerItemProxy */ = {
			isa = PBXContainerItemProxy;
			containerPortal = 4995D3881A94084300FA30A3 /* Project object */;
			proxyType = 1;
			remoteGlobalIDString = 496284A41A9C5DE600FCBCDD;
			remoteInfo = RecipeModel;
		};
		4972BE801A9BE92C007B013D /* PBXContainerItemProxy */ = {
			isa = PBXContainerItemProxy;
			containerPortal = 4995D3881A94084300FA30A3 /* Project object */;
			proxyType = 1;
			remoteGlobalIDString = 4972BE7D1A9BE92C007B013D;
			remoteInfo = "Impressive WatchKit App";
		};
		4972BE8A1A9BE92C007B013D /* PBXContainerItemProxy */ = {
			isa = PBXContainerItemProxy;
			containerPortal = 4995D3881A94084300FA30A3 /* Project object */;
			proxyType = 1;
			remoteGlobalIDString = 4972BE6E1A9BE92C007B013D;
			remoteInfo = "Impressive WatchKit Extension";
		};
		4995D3A61A94084400FA30A3 /* PBXContainerItemProxy */ = {
			isa = PBXContainerItemProxy;
			containerPortal = 4995D3881A94084300FA30A3 /* Project object */;
			proxyType = 1;
			remoteGlobalIDString = 4995D38F1A94084300FA30A3;
			remoteInfo = Impressive;
		};
/* End PBXContainerItemProxy section */

/* Begin PBXCopyFilesBuildPhase section */
		496284C31A9C5DE700FCBCDD /* Embed Frameworks */ = {
			isa = PBXCopyFilesBuildPhase;
			buildActionMask = 2147483647;
			dstPath = "";
			dstSubfolderSpec = 10;
			files = (
				496284BD1A9C5DE700FCBCDD /* RecipeModel.framework in Embed Frameworks */,
			);
			name = "Embed Frameworks";
			runOnlyForDeploymentPostprocessing = 0;
		};
		4972BE931A9BE92C007B013D /* Embed App Extensions */ = {
			isa = PBXCopyFilesBuildPhase;
			buildActionMask = 2147483647;
			dstPath = "";
			dstSubfolderSpec = 13;
			files = (
				4972BE8C1A9BE92C007B013D /* Impressive WatchKit Extension.appex in Embed App Extensions */,
			);
			name = "Embed App Extensions";
			runOnlyForDeploymentPostprocessing = 0;
		};
/* End PBXCopyFilesBuildPhase section */

/* Begin PBXFileReference section */
		496284A51A9C5DE600FCBCDD /* RecipeModel.framework */ = {isa = PBXFileReference; explicitFileType = wrapper.framework; includeInIndex = 0; path = RecipeModel.framework; sourceTree = BUILT_PRODUCTS_DIR; };
		496284A81A9C5DE600FCBCDD /* Info.plist */ = {isa = PBXFileReference; lastKnownFileType = text.plist.xml; path = Info.plist; sourceTree = "<group>"; };
		496284A91A9C5DE600FCBCDD /* RecipeModel.h */ = {isa = PBXFileReference; lastKnownFileType = sourcecode.c.h; path = RecipeModel.h; sourceTree = "<group>"; };
		496284AF1A9C5DE700FCBCDD /* RecipeModelTests.xctest */ = {isa = PBXFileReference; explicitFileType = wrapper.cfbundle; includeInIndex = 0; path = RecipeModelTests.xctest; sourceTree = BUILT_PRODUCTS_DIR; };
		496284B71A9C5DE700FCBCDD /* Info.plist */ = {isa = PBXFileReference; lastKnownFileType = text.plist.xml; path = Info.plist; sourceTree = "<group>"; };
		496284B81A9C5DE700FCBCDD /* RecipeModelTests.swift */ = {isa = PBXFileReference; lastKnownFileType = sourcecode.swift; path = RecipeModelTests.swift; sourceTree = "<group>"; };
		4972BE6F1A9BE92C007B013D /* Impressive WatchKit Extension.appex */ = {isa = PBXFileReference; explicitFileType = "wrapper.app-extension"; includeInIndex = 0; path = "Impressive WatchKit Extension.appex"; sourceTree = BUILT_PRODUCTS_DIR; };
		4972BE721A9BE92C007B013D /* Info.plist */ = {isa = PBXFileReference; lastKnownFileType = text.plist.xml; path = Info.plist; sourceTree = "<group>"; };
		4972BE731A9BE92C007B013D /* PushNotificationPayload.apns */ = {isa = PBXFileReference; lastKnownFileType = text; path = PushNotificationPayload.apns; sourceTree = "<group>"; };
		4972BE741A9BE92C007B013D /* MenuInterfaceController.swift */ = {isa = PBXFileReference; lastKnownFileType = sourcecode.swift; path = MenuInterfaceController.swift; sourceTree = "<group>"; };
		4972BE761A9BE92C007B013D /* NotificationController.swift */ = {isa = PBXFileReference; lastKnownFileType = sourcecode.swift; path = NotificationController.swift; sourceTree = "<group>"; };
		4972BE781A9BE92C007B013D /* GlanceController.swift */ = {isa = PBXFileReference; lastKnownFileType = sourcecode.swift; path = GlanceController.swift; sourceTree = "<group>"; };
		4972BE7A1A9BE92C007B013D /* Images.xcassets */ = {isa = PBXFileReference; lastKnownFileType = folder.assetcatalog; path = Images.xcassets; sourceTree = "<group>"; };
		4972BE7E1A9BE92C007B013D /* Impressive WatchKit App.app */ = {isa = PBXFileReference; explicitFileType = wrapper.application; includeInIndex = 0; path = "Impressive WatchKit App.app"; sourceTree = BUILT_PRODUCTS_DIR; };
		4972BE841A9BE92C007B013D /* Info.plist */ = {isa = PBXFileReference; lastKnownFileType = text.plist.xml; path = Info.plist; sourceTree = "<group>"; };
		4972BE861A9BE92C007B013D /* Base */ = {isa = PBXFileReference; lastKnownFileType = file.storyboard; name = Base; path = Base.lproj/Interface.storyboard; sourceTree = "<group>"; };
		4972BE881A9BE92C007B013D /* Images.xcassets */ = {isa = PBXFileReference; lastKnownFileType = folder.assetcatalog; path = Images.xcassets; sourceTree = "<group>"; };
		4972BE941A9BF165007B013D /* Recipe.swift */ = {isa = PBXFileReference; fileEncoding = 4; lastKnownFileType = sourcecode.swift; name = Recipe.swift; path = "../Impressive WatchKit Extension/Recipe.swift"; sourceTree = "<group>"; };
		4972BE961A9BF367007B013D /* Step.swift */ = {isa = PBXFileReference; fileEncoding = 4; lastKnownFileType = sourcecode.swift; name = Step.swift; path = "../Impressive WatchKit Extension/Step.swift"; sourceTree = "<group>"; };
		4972BE981A9BF885007B013D /* SampleData.swift */ = {isa = PBXFileReference; fileEncoding = 4; lastKnownFileType = sourcecode.swift; path = SampleData.swift; sourceTree = "<group>"; };
		4972BE9A1A9C09D9007B013D /* MenuTableRowController.swift */ = {isa = PBXFileReference; fileEncoding = 4; lastKnownFileType = sourcecode.swift; path = MenuTableRowController.swift; sourceTree = "<group>"; };
		4986467A1A9C287C00E8D7B8 /* StepsInterfaceController.swift */ = {isa = PBXFileReference; fileEncoding = 4; lastKnownFileType = sourcecode.swift; path = StepsInterfaceController.swift; sourceTree = "<group>"; };
		4995D3901A94084400FA30A3 /* Impressive.app */ = {isa = PBXFileReference; explicitFileType = wrapper.application; includeInIndex = 0; path = Impressive.app; sourceTree = BUILT_PRODUCTS_DIR; };
		4995D3941A94084400FA30A3 /* Info.plist */ = {isa = PBXFileReference; lastKnownFileType = text.plist.xml; path = Info.plist; sourceTree = "<group>"; };
		4995D3951A94084400FA30A3 /* AppDelegate.swift */ = {isa = PBXFileReference; lastKnownFileType = sourcecode.swift; path = AppDelegate.swift; sourceTree = "<group>"; };
		4995D3971A94084400FA30A3 /* ViewController.swift */ = {isa = PBXFileReference; lastKnownFileType = sourcecode.swift; path = ViewController.swift; sourceTree = "<group>"; };
		4995D39A1A94084400FA30A3 /* Base */ = {isa = PBXFileReference; lastKnownFileType = file.storyboard; name = Base; path = Base.lproj/Main.storyboard; sourceTree = "<group>"; };
		4995D39C1A94084400FA30A3 /* Images.xcassets */ = {isa = PBXFileReference; lastKnownFileType = folder.assetcatalog; path = Images.xcassets; sourceTree = "<group>"; };
		4995D39F1A94084400FA30A3 /* Base */ = {isa = PBXFileReference; lastKnownFileType = file.xib; name = Base; path = Base.lproj/LaunchScreen.xib; sourceTree = "<group>"; };
		4995D3A51A94084400FA30A3 /* ImpressiveTests.xctest */ = {isa = PBXFileReference; explicitFileType = wrapper.cfbundle; includeInIndex = 0; path = ImpressiveTests.xctest; sourceTree = BUILT_PRODUCTS_DIR; };
		4995D3AA1A94084400FA30A3 /* Info.plist */ = {isa = PBXFileReference; lastKnownFileType = text.plist.xml; path = Info.plist; sourceTree = "<group>"; };
		4995D3AB1A94084400FA30A3 /* ImpressiveTests.swift */ = {isa = PBXFileReference; lastKnownFileType = sourcecode.swift; path = ImpressiveTests.swift; sourceTree = "<group>"; };
/* End PBXFileReference section */

/* Begin PBXFrameworksBuildPhase section */
		496284A11A9C5DE600FCBCDD /* Frameworks */ = {
			isa = PBXFrameworksBuildPhase;
			buildActionMask = 2147483647;
			files = (
			);
			runOnlyForDeploymentPostprocessing = 0;
		};
		496284AC1A9C5DE600FCBCDD /* Frameworks */ = {
			isa = PBXFrameworksBuildPhase;
			buildActionMask = 2147483647;
			files = (
				496284B01A9C5DE700FCBCDD /* RecipeModel.framework in Frameworks */,
			);
			runOnlyForDeploymentPostprocessing = 0;
		};
		4972BE6C1A9BE92C007B013D /* Frameworks */ = {
			isa = PBXFrameworksBuildPhase;
			buildActionMask = 2147483647;
			files = (
			);
			runOnlyForDeploymentPostprocessing = 0;
		};
		4995D38D1A94084300FA30A3 /* Frameworks */ = {
			isa = PBXFrameworksBuildPhase;
			buildActionMask = 2147483647;
			files = (
				496284BC1A9C5DE700FCBCDD /* RecipeModel.framework in Frameworks */,
			);
			runOnlyForDeploymentPostprocessing = 0;
		};
		4995D3A21A94084400FA30A3 /* Frameworks */ = {
			isa = PBXFrameworksBuildPhase;
			buildActionMask = 2147483647;
			files = (
			);
			runOnlyForDeploymentPostprocessing = 0;
		};
/* End PBXFrameworksBuildPhase section */

/* Begin PBXGroup section */
		496284A61A9C5DE600FCBCDD /* RecipeModel */ = {
			isa = PBXGroup;
			children = (
				4972BE941A9BF165007B013D /* Recipe.swift */,
				4972BE961A9BF367007B013D /* Step.swift */,
				496284A91A9C5DE600FCBCDD /* RecipeModel.h */,
				496284A71A9C5DE600FCBCDD /* Supporting Files */,
			);
			path = RecipeModel;
			sourceTree = "<group>";
		};
		496284A71A9C5DE600FCBCDD /* Supporting Files */ = {
			isa = PBXGroup;
			children = (
				496284A81A9C5DE600FCBCDD /* Info.plist */,
			);
			name = "Supporting Files";
			sourceTree = "<group>";
		};
		496284B51A9C5DE700FCBCDD /* RecipeModelTests */ = {
			isa = PBXGroup;
			children = (
				496284B81A9C5DE700FCBCDD /* RecipeModelTests.swift */,
				496284B61A9C5DE700FCBCDD /* Supporting Files */,
			);
			path = RecipeModelTests;
			sourceTree = "<group>";
		};
		496284B61A9C5DE700FCBCDD /* Supporting Files */ = {
			isa = PBXGroup;
			children = (
				496284B71A9C5DE700FCBCDD /* Info.plist */,
			);
			name = "Supporting Files";
			sourceTree = "<group>";
		};
		4972BE701A9BE92C007B013D /* Impressive WatchKit Extension */ = {
			isa = PBXGroup;
			children = (
				4972BE981A9BF885007B013D /* SampleData.swift */,
				4972BE741A9BE92C007B013D /* MenuInterfaceController.swift */,
				4986467A1A9C287C00E8D7B8 /* StepsInterfaceController.swift */,
				4972BE9A1A9C09D9007B013D /* MenuTableRowController.swift */,
				4972BE761A9BE92C007B013D /* NotificationController.swift */,
				4972BE781A9BE92C007B013D /* GlanceController.swift */,
				4972BE7A1A9BE92C007B013D /* Images.xcassets */,
				4972BE711A9BE92C007B013D /* Supporting Files */,
			);
			path = "Impressive WatchKit Extension";
			sourceTree = "<group>";
		};
		4972BE711A9BE92C007B013D /* Supporting Files */ = {
			isa = PBXGroup;
			children = (
				4972BE721A9BE92C007B013D /* Info.plist */,
				4972BE731A9BE92C007B013D /* PushNotificationPayload.apns */,
			);
			name = "Supporting Files";
			sourceTree = "<group>";
		};
		4972BE821A9BE92C007B013D /* Impressive WatchKit App */ = {
			isa = PBXGroup;
			children = (
				4972BE851A9BE92C007B013D /* Interface.storyboard */,
				4972BE881A9BE92C007B013D /* Images.xcassets */,
				4972BE831A9BE92C007B013D /* Supporting Files */,
			);
			path = "Impressive WatchKit App";
			sourceTree = "<group>";
		};
		4972BE831A9BE92C007B013D /* Supporting Files */ = {
			isa = PBXGroup;
			children = (
				4972BE841A9BE92C007B013D /* Info.plist */,
			);
			name = "Supporting Files";
			sourceTree = "<group>";
		};
		4995D3871A94084300FA30A3 = {
			isa = PBXGroup;
			children = (
				4995D3921A94084400FA30A3 /* Impressive */,
				4972BE701A9BE92C007B013D /* Impressive WatchKit Extension */,
				4972BE821A9BE92C007B013D /* Impressive WatchKit App */,
				4995D3A81A94084400FA30A3 /* ImpressiveTests */,
				496284A61A9C5DE600FCBCDD /* RecipeModel */,
				496284B51A9C5DE700FCBCDD /* RecipeModelTests */,
				4995D3911A94084400FA30A3 /* Products */,
			);
			sourceTree = "<group>";
		};
		4995D3911A94084400FA30A3 /* Products */ = {
			isa = PBXGroup;
			children = (
				4995D3901A94084400FA30A3 /* Impressive.app */,
				4995D3A51A94084400FA30A3 /* ImpressiveTests.xctest */,
				4972BE6F1A9BE92C007B013D /* Impressive WatchKit Extension.appex */,
				4972BE7E1A9BE92C007B013D /* Impressive WatchKit App.app */,
				496284A51A9C5DE600FCBCDD /* RecipeModel.framework */,
				496284AF1A9C5DE700FCBCDD /* RecipeModelTests.xctest */,
			);
			name = Products;
			sourceTree = "<group>";
		};
		4995D3921A94084400FA30A3 /* Impressive */ = {
			isa = PBXGroup;
			children = (
				4995D3951A94084400FA30A3 /* AppDelegate.swift */,
				4995D3971A94084400FA30A3 /* ViewController.swift */,
				4995D3991A94084400FA30A3 /* Main.storyboard */,
				4995D39C1A94084400FA30A3 /* Images.xcassets */,
				4995D39E1A94084400FA30A3 /* LaunchScreen.xib */,
				4995D3931A94084400FA30A3 /* Supporting Files */,
			);
			path = Impressive;
			sourceTree = "<group>";
		};
		4995D3931A94084400FA30A3 /* Supporting Files */ = {
			isa = PBXGroup;
			children = (
				4995D3941A94084400FA30A3 /* Info.plist */,
			);
			name = "Supporting Files";
			sourceTree = "<group>";
		};
		4995D3A81A94084400FA30A3 /* ImpressiveTests */ = {
			isa = PBXGroup;
			children = (
				4995D3AB1A94084400FA30A3 /* ImpressiveTests.swift */,
				4995D3A91A94084400FA30A3 /* Supporting Files */,
			);
			path = ImpressiveTests;
			sourceTree = "<group>";
		};
		4995D3A91A94084400FA30A3 /* Supporting Files */ = {
			isa = PBXGroup;
			children = (
				4995D3AA1A94084400FA30A3 /* Info.plist */,
			);
			name = "Supporting Files";
			sourceTree = "<group>";
		};
/* End PBXGroup section */

/* Begin PBXHeadersBuildPhase section */
		496284A21A9C5DE600FCBCDD /* Headers */ = {
			isa = PBXHeadersBuildPhase;
			buildActionMask = 2147483647;
			files = (
				496284AA1A9C5DE600FCBCDD /* RecipeModel.h in Headers */,
			);
			runOnlyForDeploymentPostprocessing = 0;
		};
/* End PBXHeadersBuildPhase section */

/* Begin PBXNativeTarget section */
		496284A41A9C5DE600FCBCDD /* RecipeModel */ = {
			isa = PBXNativeTarget;
			buildConfigurationList = 496284C21A9C5DE700FCBCDD /* Build configuration list for PBXNativeTarget "RecipeModel" */;
			buildPhases = (
				496284A01A9C5DE600FCBCDD /* Sources */,
				496284A11A9C5DE600FCBCDD /* Frameworks */,
				496284A21A9C5DE600FCBCDD /* Headers */,
				496284A31A9C5DE600FCBCDD /* Resources */,
			);
			buildRules = (
			);
			dependencies = (
			);
			name = RecipeModel;
			productName = RecipeModel;
			productReference = 496284A51A9C5DE600FCBCDD /* RecipeModel.framework */;
			productType = "com.apple.product-type.framework";
		};
		496284AE1A9C5DE600FCBCDD /* RecipeModelTests */ = {
			isa = PBXNativeTarget;
			buildConfigurationList = 496284C41A9C5DE700FCBCDD /* Build configuration list for PBXNativeTarget "RecipeModelTests" */;
			buildPhases = (
				496284AB1A9C5DE600FCBCDD /* Sources */,
				496284AC1A9C5DE600FCBCDD /* Frameworks */,
				496284AD1A9C5DE600FCBCDD /* Resources */,
			);
			buildRules = (
			);
			dependencies = (
				496284B21A9C5DE700FCBCDD /* PBXTargetDependency */,
				496284B41A9C5DE700FCBCDD /* PBXTargetDependency */,
			);
			name = RecipeModelTests;
			productName = RecipeModelTests;
			productReference = 496284AF1A9C5DE700FCBCDD /* RecipeModelTests.xctest */;
			productType = "com.apple.product-type.bundle.unit-test";
		};
		4972BE6E1A9BE92C007B013D /* Impressive WatchKit Extension */ = {
			isa = PBXNativeTarget;
			buildConfigurationList = 4972BE921A9BE92C007B013D /* Build configuration list for PBXNativeTarget "Impressive WatchKit Extension" */;
			buildPhases = (
				4972BE6B1A9BE92C007B013D /* Sources */,
				4972BE6C1A9BE92C007B013D /* Frameworks */,
				4972BE6D1A9BE92C007B013D /* Resources */,
			);
			buildRules = (
			);
			dependencies = (
				4972BE811A9BE92C007B013D /* PBXTargetDependency */,
			);
			name = "Impressive WatchKit Extension";
			productName = "Impressive WatchKit Extension";
			productReference = 4972BE6F1A9BE92C007B013D /* Impressive WatchKit Extension.appex */;
			productType = "com.apple.product-type.watchkit-extension";
		};
		4972BE7D1A9BE92C007B013D /* Impressive WatchKit App */ = {
			isa = PBXNativeTarget;
			buildConfigurationList = 4972BE911A9BE92C007B013D /* Build configuration list for PBXNativeTarget "Impressive WatchKit App" */;
			buildPhases = (
				4972BE7C1A9BE92C007B013D /* Resources */,
			);
			buildRules = (
			);
			dependencies = (
			);
			name = "Impressive WatchKit App";
			productName = "Impressive WatchKit App";
			productReference = 4972BE7E1A9BE92C007B013D /* Impressive WatchKit App.app */;
			productType = "com.apple.product-type.application.watchapp";
		};
		4995D38F1A94084300FA30A3 /* Impressive */ = {
			isa = PBXNativeTarget;
			buildConfigurationList = 4995D3AF1A94084400FA30A3 /* Build configuration list for PBXNativeTarget "Impressive" */;
			buildPhases = (
				4995D38C1A94084300FA30A3 /* Sources */,
				4995D38D1A94084300FA30A3 /* Frameworks */,
				4995D38E1A94084300FA30A3 /* Resources */,
				4972BE931A9BE92C007B013D /* Embed App Extensions */,
				496284C31A9C5DE700FCBCDD /* Embed Frameworks */,
			);
			buildRules = (
			);
			dependencies = (
				4972BE8B1A9BE92C007B013D /* PBXTargetDependency */,
				496284BB1A9C5DE700FCBCDD /* PBXTargetDependency */,
			);
			name = Impressive;
			productName = Impressive;
			productReference = 4995D3901A94084400FA30A3 /* Impressive.app */;
			productType = "com.apple.product-type.application";
		};
		4995D3A41A94084400FA30A3 /* ImpressiveTests */ = {
			isa = PBXNativeTarget;
			buildConfigurationList = 4995D3B21A94084400FA30A3 /* Build configuration list for PBXNativeTarget "ImpressiveTests" */;
			buildPhases = (
				4995D3A11A94084400FA30A3 /* Sources */,
				4995D3A21A94084400FA30A3 /* Frameworks */,
				4995D3A31A94084400FA30A3 /* Resources */,
			);
			buildRules = (
			);
			dependencies = (
				4995D3A71A94084400FA30A3 /* PBXTargetDependency */,
			);
			name = ImpressiveTests;
			productName = ImpressiveTests;
			productReference = 4995D3A51A94084400FA30A3 /* ImpressiveTests.xctest */;
			productType = "com.apple.product-type.bundle.unit-test";
		};
/* End PBXNativeTarget section */

/* Begin PBXProject section */
		4995D3881A94084300FA30A3 /* Project object */ = {
			isa = PBXProject;
			attributes = {
				LastUpgradeCheck = 0620;
				ORGANIZATIONNAME = "Andrew Schmidt";
				TargetAttributes = {
					496284A41A9C5DE600FCBCDD = {
						CreatedOnToolsVersion = 6.2;
					};
					496284AE1A9C5DE600FCBCDD = {
						CreatedOnToolsVersion = 6.2;
						TestTargetID = 4995D38F1A94084300FA30A3;
					};
					4972BE6E1A9BE92C007B013D = {
						CreatedOnToolsVersion = 6.2;
					};
					4972BE7D1A9BE92C007B013D = {
						CreatedOnToolsVersion = 6.2;
					};
					4995D38F1A94084300FA30A3 = {
						CreatedOnToolsVersion = 6.2;
					};
					4995D3A41A94084400FA30A3 = {
						CreatedOnToolsVersion = 6.2;
						TestTargetID = 4995D38F1A94084300FA30A3;
					};
				};
			};
			buildConfigurationList = 4995D38B1A94084300FA30A3 /* Build configuration list for PBXProject "Impressive" */;
			compatibilityVersion = "Xcode 3.2";
			developmentRegion = English;
			hasScannedForEncodings = 0;
			knownRegions = (
				en,
				Base,
			);
			mainGroup = 4995D3871A94084300FA30A3;
			productRefGroup = 4995D3911A94084400FA30A3 /* Products */;
			projectDirPath = "";
			projectRoot = "";
			targets = (
				4995D38F1A94084300FA30A3 /* Impressive */,
				4995D3A41A94084400FA30A3 /* ImpressiveTests */,
				4972BE6E1A9BE92C007B013D /* Impressive WatchKit Extension */,
				4972BE7D1A9BE92C007B013D /* Impressive WatchKit App */,
				496284A41A9C5DE600FCBCDD /* RecipeModel */,
				496284AE1A9C5DE600FCBCDD /* RecipeModelTests */,
			);
		};
/* End PBXProject section */

/* Begin PBXResourcesBuildPhase section */
		496284A31A9C5DE600FCBCDD /* Resources */ = {
			isa = PBXResourcesBuildPhase;
			buildActionMask = 2147483647;
			files = (
			);
			runOnlyForDeploymentPostprocessing = 0;
		};
		496284AD1A9C5DE600FCBCDD /* Resources */ = {
			isa = PBXResourcesBuildPhase;
			buildActionMask = 2147483647;
			files = (
			);
			runOnlyForDeploymentPostprocessing = 0;
		};
		4972BE6D1A9BE92C007B013D /* Resources */ = {
			isa = PBXResourcesBuildPhase;
			buildActionMask = 2147483647;
			files = (
				4972BE7B1A9BE92C007B013D /* Images.xcassets in Resources */,
				4972BE7F1A9BE92C007B013D /* Impressive WatchKit App.app in Resources */,
			);
			runOnlyForDeploymentPostprocessing = 0;
		};
		4972BE7C1A9BE92C007B013D /* Resources */ = {
			isa = PBXResourcesBuildPhase;
			buildActionMask = 2147483647;
			files = (
				4972BE871A9BE92C007B013D /* Interface.storyboard in Resources */,
				4972BE891A9BE92C007B013D /* Images.xcassets in Resources */,
			);
			runOnlyForDeploymentPostprocessing = 0;
		};
		4995D38E1A94084300FA30A3 /* Resources */ = {
			isa = PBXResourcesBuildPhase;
			buildActionMask = 2147483647;
			files = (
				4995D39B1A94084400FA30A3 /* Main.storyboard in Resources */,
				4995D3A01A94084400FA30A3 /* LaunchScreen.xib in Resources */,
				4995D39D1A94084400FA30A3 /* Images.xcassets in Resources */,
			);
			runOnlyForDeploymentPostprocessing = 0;
		};
		4995D3A31A94084400FA30A3 /* Resources */ = {
			isa = PBXResourcesBuildPhase;
			buildActionMask = 2147483647;
			files = (
			);
			runOnlyForDeploymentPostprocessing = 0;
		};
/* End PBXResourcesBuildPhase section */

/* Begin PBXSourcesBuildPhase section */
		496284A01A9C5DE600FCBCDD /* Sources */ = {
			isa = PBXSourcesBuildPhase;
			buildActionMask = 2147483647;
			files = (
			);
			runOnlyForDeploymentPostprocessing = 0;
		};
		496284AB1A9C5DE600FCBCDD /* Sources */ = {
			isa = PBXSourcesBuildPhase;
			buildActionMask = 2147483647;
			files = (
				496284B91A9C5DE700FCBCDD /* RecipeModelTests.swift in Sources */,
			);
			runOnlyForDeploymentPostprocessing = 0;
		};
		4972BE6B1A9BE92C007B013D /* Sources */ = {
			isa = PBXSourcesBuildPhase;
			buildActionMask = 2147483647;
			files = (
				4972BE771A9BE92C007B013D /* NotificationController.swift in Sources */,
				4972BE9B1A9C09D9007B013D /* MenuTableRowController.swift in Sources */,
				4972BE991A9BF885007B013D /* SampleData.swift in Sources */,
				4986467B1A9C287C00E8D7B8 /* StepsInterfaceController.swift in Sources */,
				4972BE751A9BE92C007B013D /* MenuInterfaceController.swift in Sources */,
				4972BE971A9BF367007B013D /* Step.swift in Sources */,
				4972BE791A9BE92C007B013D /* GlanceController.swift in Sources */,
				4972BE951A9BF165007B013D /* Recipe.swift in Sources */,
			);
			runOnlyForDeploymentPostprocessing = 0;
		};
		4995D38C1A94084300FA30A3 /* Sources */ = {
			isa = PBXSourcesBuildPhase;
			buildActionMask = 2147483647;
			files = (
				4995D3981A94084400FA30A3 /* ViewController.swift in Sources */,
				4995D3961A94084400FA30A3 /* AppDelegate.swift in Sources */,
			);
			runOnlyForDeploymentPostprocessing = 0;
		};
		4995D3A11A94084400FA30A3 /* Sources */ = {
			isa = PBXSourcesBuildPhase;
			buildActionMask = 2147483647;
			files = (
				4995D3AC1A94084400FA30A3 /* ImpressiveTests.swift in Sources */,
			);
			runOnlyForDeploymentPostprocessing = 0;
		};
/* End PBXSourcesBuildPhase section */

/* Begin PBXTargetDependency section */
		496284B21A9C5DE700FCBCDD /* PBXTargetDependency */ = {
			isa = PBXTargetDependency;
			target = 496284A41A9C5DE600FCBCDD /* RecipeModel */;
			targetProxy = 496284B11A9C5DE700FCBCDD /* PBXContainerItemProxy */;
		};
		496284B41A9C5DE700FCBCDD /* PBXTargetDependency */ = {
			isa = PBXTargetDependency;
			target = 4995D38F1A94084300FA30A3 /* Impressive */;
			targetProxy = 496284B31A9C5DE700FCBCDD /* PBXContainerItemProxy */;
		};
		496284BB1A9C5DE700FCBCDD /* PBXTargetDependency */ = {
			isa = PBXTargetDependency;
			target = 496284A41A9C5DE600FCBCDD /* RecipeModel */;
			targetProxy = 496284BA1A9C5DE700FCBCDD /* PBXContainerItemProxy */;
		};
		4972BE811A9BE92C007B013D /* PBXTargetDependency */ = {
			isa = PBXTargetDependency;
			target = 4972BE7D1A9BE92C007B013D /* Impressive WatchKit App */;
			targetProxy = 4972BE801A9BE92C007B013D /* PBXContainerItemProxy */;
		};
		4972BE8B1A9BE92C007B013D /* PBXTargetDependency */ = {
			isa = PBXTargetDependency;
			target = 4972BE6E1A9BE92C007B013D /* Impressive WatchKit Extension */;
			targetProxy = 4972BE8A1A9BE92C007B013D /* PBXContainerItemProxy */;
		};
		4995D3A71A94084400FA30A3 /* PBXTargetDependency */ = {
			isa = PBXTargetDependency;
			target = 4995D38F1A94084300FA30A3 /* Impressive */;
			targetProxy = 4995D3A61A94084400FA30A3 /* PBXContainerItemProxy */;
		};
/* End PBXTargetDependency section */

/* Begin PBXVariantGroup section */
		4972BE851A9BE92C007B013D /* Interface.storyboard */ = {
			isa = PBXVariantGroup;
			children = (
				4972BE861A9BE92C007B013D /* Base */,
			);
			name = Interface.storyboard;
			sourceTree = "<group>";
		};
		4995D3991A94084400FA30A3 /* Main.storyboard */ = {
			isa = PBXVariantGroup;
			children = (
				4995D39A1A94084400FA30A3 /* Base */,
			);
			name = Main.storyboard;
			sourceTree = "<group>";
		};
		4995D39E1A94084400FA30A3 /* LaunchScreen.xib */ = {
			isa = PBXVariantGroup;
			children = (
				4995D39F1A94084400FA30A3 /* Base */,
			);
			name = LaunchScreen.xib;
			sourceTree = "<group>";
		};
/* End PBXVariantGroup section */

/* Begin XCBuildConfiguration section */
		496284BE1A9C5DE700FCBCDD /* Debug */ = {
			isa = XCBuildConfiguration;
			buildSettings = {
				CURRENT_PROJECT_VERSION = 1;
				DEFINES_MODULE = YES;
				DYLIB_COMPATIBILITY_VERSION = 1;
				DYLIB_CURRENT_VERSION = 1;
				DYLIB_INSTALL_NAME_BASE = "@rpath";
				GCC_PREPROCESSOR_DEFINITIONS = (
					"DEBUG=1",
					"$(inherited)",
				);
				INFOPLIST_FILE = RecipeModel/Info.plist;
				INSTALL_PATH = "$(LOCAL_LIBRARY_DIR)/Frameworks";
				LD_RUNPATH_SEARCH_PATHS = "$(inherited) @executable_path/Frameworks @loader_path/Frameworks";
				PRODUCT_NAME = "$(TARGET_NAME)";
				SKIP_INSTALL = YES;
				VERSIONING_SYSTEM = "apple-generic";
				VERSION_INFO_PREFIX = "";
			};
			name = Debug;
		};
		496284BF1A9C5DE700FCBCDD /* Release */ = {
			isa = XCBuildConfiguration;
			buildSettings = {
				CURRENT_PROJECT_VERSION = 1;
				DEFINES_MODULE = YES;
				DYLIB_COMPATIBILITY_VERSION = 1;
				DYLIB_CURRENT_VERSION = 1;
				DYLIB_INSTALL_NAME_BASE = "@rpath";
				INFOPLIST_FILE = RecipeModel/Info.plist;
				INSTALL_PATH = "$(LOCAL_LIBRARY_DIR)/Frameworks";
				LD_RUNPATH_SEARCH_PATHS = "$(inherited) @executable_path/Frameworks @loader_path/Frameworks";
				PRODUCT_NAME = "$(TARGET_NAME)";
				SKIP_INSTALL = YES;
				VERSIONING_SYSTEM = "apple-generic";
				VERSION_INFO_PREFIX = "";
			};
			name = Release;
		};
		496284C01A9C5DE700FCBCDD /* Debug */ = {
			isa = XCBuildConfiguration;
			buildSettings = {
				FRAMEWORK_SEARCH_PATHS = (
					"$(SDKROOT)/Developer/Library/Frameworks",
					"$(inherited)",
				);
				GCC_PREPROCESSOR_DEFINITIONS = (
					"DEBUG=1",
					"$(inherited)",
				);
				INFOPLIST_FILE = RecipeModelTests/Info.plist;
				LD_RUNPATH_SEARCH_PATHS = "$(inherited) @executable_path/Frameworks @loader_path/Frameworks";
				PRODUCT_NAME = "$(TARGET_NAME)";
				TEST_HOST = "$(BUILT_PRODUCTS_DIR)/Impressive.app/Impressive";
			};
			name = Debug;
		};
		496284C11A9C5DE700FCBCDD /* Release */ = {
			isa = XCBuildConfiguration;
			buildSettings = {
				FRAMEWORK_SEARCH_PATHS = (
					"$(SDKROOT)/Developer/Library/Frameworks",
					"$(inherited)",
				);
				INFOPLIST_FILE = RecipeModelTests/Info.plist;
				LD_RUNPATH_SEARCH_PATHS = "$(inherited) @executable_path/Frameworks @loader_path/Frameworks";
				PRODUCT_NAME = "$(TARGET_NAME)";
				TEST_HOST = "$(BUILT_PRODUCTS_DIR)/Impressive.app/Impressive";
			};
			name = Release;
		};
		4972BE8D1A9BE92C007B013D /* Debug */ = {
			isa = XCBuildConfiguration;
			buildSettings = {
				GCC_PREPROCESSOR_DEFINITIONS = (
					"DEBUG=1",
					"$(inherited)",
				);
				INFOPLIST_FILE = "Impressive WatchKit Extension/Info.plist";
				LD_RUNPATH_SEARCH_PATHS = "$(inherited) @executable_path/Frameworks @executable_path/../../Frameworks";
				PRODUCT_NAME = "${TARGET_NAME}";
				SKIP_INSTALL = YES;
			};
			name = Debug;
		};
		4972BE8E1A9BE92C007B013D /* Release */ = {
			isa = XCBuildConfiguration;
			buildSettings = {
				INFOPLIST_FILE = "Impressive WatchKit Extension/Info.plist";
				LD_RUNPATH_SEARCH_PATHS = "$(inherited) @executable_path/Frameworks @executable_path/../../Frameworks";
				PRODUCT_NAME = "${TARGET_NAME}";
				SKIP_INSTALL = YES;
			};
			name = Release;
		};
		4972BE8F1A9BE92C007B013D /* Debug */ = {
			isa = XCBuildConfiguration;
			buildSettings = {
				ASSETCATALOG_COMPILER_APPICON_NAME = AppIcon;
				GCC_PREPROCESSOR_DEFINITIONS = (
					"DEBUG=1",
					"$(inherited)",
				);
				IBSC_MODULE = Impressive_WatchKit_Extension;
				INFOPLIST_FILE = "Impressive WatchKit App/Info.plist";
				PRODUCT_NAME = "$(TARGET_NAME)";
				SKIP_INSTALL = YES;
				TARGETED_DEVICE_FAMILY = 4;
				"TARGETED_DEVICE_FAMILY[sdk=iphonesimulator*]" = "1,4";
			};
			name = Debug;
		};
		4972BE901A9BE92C007B013D /* Release */ = {
			isa = XCBuildConfiguration;
			buildSettings = {
				ASSETCATALOG_COMPILER_APPICON_NAME = AppIcon;
				IBSC_MODULE = Impressive_WatchKit_Extension;
				INFOPLIST_FILE = "Impressive WatchKit App/Info.plist";
				PRODUCT_NAME = "$(TARGET_NAME)";
				SKIP_INSTALL = YES;
				TARGETED_DEVICE_FAMILY = 4;
				"TARGETED_DEVICE_FAMILY[sdk=iphonesimulator*]" = "1,4";
			};
			name = Release;
		};
		4995D3AD1A94084400FA30A3 /* Debug */ = {
			isa = XCBuildConfiguration;
			buildSettings = {
				ALWAYS_SEARCH_USER_PATHS = NO;
				CLANG_CXX_LANGUAGE_STANDARD = "gnu++0x";
				CLANG_CXX_LIBRARY = "libc++";
				CLANG_ENABLE_MODULES = YES;
				CLANG_ENABLE_OBJC_ARC = YES;
				CLANG_WARN_BOOL_CONVERSION = YES;
				CLANG_WARN_CONSTANT_CONVERSION = YES;
				CLANG_WARN_DIRECT_OBJC_ISA_USAGE = YES_ERROR;
				CLANG_WARN_EMPTY_BODY = YES;
				CLANG_WARN_ENUM_CONVERSION = YES;
				CLANG_WARN_INT_CONVERSION = YES;
				CLANG_WARN_OBJC_ROOT_CLASS = YES_ERROR;
				CLANG_WARN_UNREACHABLE_CODE = YES;
				CLANG_WARN__DUPLICATE_METHOD_MATCH = YES;
				"CODE_SIGN_IDENTITY[sdk=iphoneos*]" = "iPhone Developer";
				COPY_PHASE_STRIP = NO;
				ENABLE_STRICT_OBJC_MSGSEND = YES;
				GCC_C_LANGUAGE_STANDARD = gnu99;
				GCC_DYNAMIC_NO_PIC = NO;
				GCC_OPTIMIZATION_LEVEL = 0;
				GCC_PREPROCESSOR_DEFINITIONS = (
					"DEBUG=1",
					"$(inherited)",
				);
				GCC_SYMBOLS_PRIVATE_EXTERN = NO;
				GCC_WARN_64_TO_32_BIT_CONVERSION = YES;
				GCC_WARN_ABOUT_RETURN_TYPE = YES_ERROR;
				GCC_WARN_UNDECLARED_SELECTOR = YES;
				GCC_WARN_UNINITIALIZED_AUTOS = YES_AGGRESSIVE;
				GCC_WARN_UNUSED_FUNCTION = YES;
				GCC_WARN_UNUSED_VARIABLE = YES;
				IPHONEOS_DEPLOYMENT_TARGET = 8.2;
				MTL_ENABLE_DEBUG_INFO = YES;
				ONLY_ACTIVE_ARCH = YES;
				SDKROOT = iphoneos;
				SWIFT_OPTIMIZATION_LEVEL = "-Onone";
				TARGETED_DEVICE_FAMILY = "1,2";
			};
			name = Debug;
		};
		4995D3AE1A94084400FA30A3 /* Release */ = {
			isa = XCBuildConfiguration;
			buildSettings = {
				ALWAYS_SEARCH_USER_PATHS = NO;
				CLANG_CXX_LANGUAGE_STANDARD = "gnu++0x";
				CLANG_CXX_LIBRARY = "libc++";
				CLANG_ENABLE_MODULES = YES;
				CLANG_ENABLE_OBJC_ARC = YES;
				CLANG_WARN_BOOL_CONVERSION = YES;
				CLANG_WARN_CONSTANT_CONVERSION = YES;
				CLANG_WARN_DIRECT_OBJC_ISA_USAGE = YES_ERROR;
				CLANG_WARN_EMPTY_BODY = YES;
				CLANG_WARN_ENUM_CONVERSION = YES;
				CLANG_WARN_INT_CONVERSION = YES;
				CLANG_WARN_OBJC_ROOT_CLASS = YES_ERROR;
				CLANG_WARN_UNREACHABLE_CODE = YES;
				CLANG_WARN__DUPLICATE_METHOD_MATCH = YES;
				"CODE_SIGN_IDENTITY[sdk=iphoneos*]" = "iPhone Developer";
				COPY_PHASE_STRIP = NO;
				ENABLE_NS_ASSERTIONS = NO;
				ENABLE_STRICT_OBJC_MSGSEND = YES;
				GCC_C_LANGUAGE_STANDARD = gnu99;
				GCC_WARN_64_TO_32_BIT_CONVERSION = YES;
				GCC_WARN_ABOUT_RETURN_TYPE = YES_ERROR;
				GCC_WARN_UNDECLARED_SELECTOR = YES;
				GCC_WARN_UNINITIALIZED_AUTOS = YES_AGGRESSIVE;
				GCC_WARN_UNUSED_FUNCTION = YES;
				GCC_WARN_UNUSED_VARIABLE = YES;
				IPHONEOS_DEPLOYMENT_TARGET = 8.2;
				MTL_ENABLE_DEBUG_INFO = NO;
				SDKROOT = iphoneos;
				TARGETED_DEVICE_FAMILY = "1,2";
				VALIDATE_PRODUCT = YES;
			};
			name = Release;
		};
		4995D3B01A94084400FA30A3 /* Debug */ = {
			isa = XCBuildConfiguration;
			buildSettings = {
				ASSETCATALOG_COMPILER_APPICON_NAME = AppIcon;
				EMBEDDED_CONTENT_CONTAINS_SWIFT = YES;
				INFOPLIST_FILE = Impressive/Info.plist;
				LD_RUNPATH_SEARCH_PATHS = "$(inherited) @executable_path/Frameworks";
				PRODUCT_NAME = "$(TARGET_NAME)";
			};
			name = Debug;
		};
		4995D3B11A94084400FA30A3 /* Release */ = {
			isa = XCBuildConfiguration;
			buildSettings = {
				ASSETCATALOG_COMPILER_APPICON_NAME = AppIcon;
				EMBEDDED_CONTENT_CONTAINS_SWIFT = YES;
				INFOPLIST_FILE = Impressive/Info.plist;
				LD_RUNPATH_SEARCH_PATHS = "$(inherited) @executable_path/Frameworks";
				PRODUCT_NAME = "$(TARGET_NAME)";
			};
			name = Release;
		};
		4995D3B31A94084400FA30A3 /* Debug */ = {
			isa = XCBuildConfiguration;
			buildSettings = {
				BUNDLE_LOADER = "$(TEST_HOST)";
				FRAMEWORK_SEARCH_PATHS = (
					"$(SDKROOT)/Developer/Library/Frameworks",
					"$(inherited)",
				);
				GCC_PREPROCESSOR_DEFINITIONS = (
					"DEBUG=1",
					"$(inherited)",
				);
				INFOPLIST_FILE = ImpressiveTests/Info.plist;
				LD_RUNPATH_SEARCH_PATHS = "$(inherited) @executable_path/Frameworks @loader_path/Frameworks";
				PRODUCT_NAME = "$(TARGET_NAME)";
				TEST_HOST = "$(BUILT_PRODUCTS_DIR)/Impressive.app/Impressive";
			};
			name = Debug;
		};
		4995D3B41A94084400FA30A3 /* Release */ = {
			isa = XCBuildConfiguration;
			buildSettings = {
				BUNDLE_LOADER = "$(TEST_HOST)";
				FRAMEWORK_SEARCH_PATHS = (
					"$(SDKROOT)/Developer/Library/Frameworks",
					"$(inherited)",
				);
				INFOPLIST_FILE = ImpressiveTests/Info.plist;
				LD_RUNPATH_SEARCH_PATHS = "$(inherited) @executable_path/Frameworks @loader_path/Frameworks";
				PRODUCT_NAME = "$(TARGET_NAME)";
				TEST_HOST = "$(BUILT_PRODUCTS_DIR)/Impressive.app/Impressive";
			};
			name = Release;
		};
/* End XCBuildConfiguration section */

/* Begin XCConfigurationList section */
		496284C21A9C5DE700FCBCDD /* Build configuration list for PBXNativeTarget "RecipeModel" */ = {
			isa = XCConfigurationList;
			buildConfigurations = (
				496284BE1A9C5DE700FCBCDD /* Debug */,
				496284BF1A9C5DE700FCBCDD /* Release */,
			);
			defaultConfigurationIsVisible = 0;
			defaultConfigurationName = Release;
		};
		496284C41A9C5DE700FCBCDD /* Build configuration list for PBXNativeTarget "RecipeModelTests" */ = {
			isa = XCConfigurationList;
			buildConfigurations = (
				496284C01A9C5DE700FCBCDD /* Debug */,
				496284C11A9C5DE700FCBCDD /* Release */,
			);
			defaultConfigurationIsVisible = 0;
			defaultConfigurationName = Release;
		};
		4972BE911A9BE92C007B013D /* Build configuration list for PBXNativeTarget "Impressive WatchKit App" */ = {
			isa = XCConfigurationList;
			buildConfigurations = (
				4972BE8F1A9BE92C007B013D /* Debug */,
				4972BE901A9BE92C007B013D /* Release */,
			);
			defaultConfigurationIsVisible = 0;
			defaultConfigurationName = Release;
		};
		4972BE921A9BE92C007B013D /* Build configuration list for PBXNativeTarget "Impressive WatchKit Extension" */ = {
			isa = XCConfigurationList;
			buildConfigurations = (
				4972BE8D1A9BE92C007B013D /* Debug */,
				4972BE8E1A9BE92C007B013D /* Release */,
			);
			defaultConfigurationIsVisible = 0;
			defaultConfigurationName = Release;
		};
		4995D38B1A94084300FA30A3 /* Build configuration list for PBXProject "Impressive" */ = {
			isa = XCConfigurationList;
			buildConfigurations = (
				4995D3AD1A94084400FA30A3 /* Debug */,
				4995D3AE1A94084400FA30A3 /* Release */,
			);
			defaultConfigurationIsVisible = 0;
			defaultConfigurationName = Release;
		};
		4995D3AF1A94084400FA30A3 /* Build configuration list for PBXNativeTarget "Impressive" */ = {
			isa = XCConfigurationList;
			buildConfigurations = (
				4995D3B01A94084400FA30A3 /* Debug */,
				4995D3B11A94084400FA30A3 /* Release */,
			);
			defaultConfigurationIsVisible = 0;
			defaultConfigurationName = Release;
		};
		4995D3B21A94084400FA30A3 /* Build configuration list for PBXNativeTarget "ImpressiveTests" */ = {
			isa = XCConfigurationList;
			buildConfigurations = (
				4995D3B31A94084400FA30A3 /* Debug */,
				4995D3B41A94084400FA30A3 /* Release */,
			);
			defaultConfigurationIsVisible = 0;
			defaultConfigurationName = Release;
		};
/* End XCConfigurationList section */
	};
	rootObject = 4995D3881A94084300FA30A3 /* Project object */;
}
